// !$*UTF8*$!
{
	archiveVersion = 1;
	classes = {
	};
	objectVersion = 51;
	objects = {

/* Begin PBXBuildFile section */
		4767CF4F654D03350B5B9780 /* Pods_ToDoey.framework in Frameworks */ = {isa = PBXBuildFile; fileRef = 8C3A6A0851776C90C6D9CA06 /* Pods_ToDoey.framework */; };
		96290B2E23B929190010A57C /* CategoryViewController.swift in Sources */ = {isa = PBXBuildFile; fileRef = 96290B2D23B929190010A57C /* CategoryViewController.swift */; };
		963F1DB723A8091500272D5A /* AppDelegate.swift in Sources */ = {isa = PBXBuildFile; fileRef = 963F1DB623A8091500272D5A /* AppDelegate.swift */; };
		963F1DB923A8091500272D5A /* SceneDelegate.swift in Sources */ = {isa = PBXBuildFile; fileRef = 963F1DB823A8091500272D5A /* SceneDelegate.swift */; };
		963F1DBB23A8091500272D5A /* ToDoListViewController.swift in Sources */ = {isa = PBXBuildFile; fileRef = 963F1DBA23A8091500272D5A /* ToDoListViewController.swift */; };
		963F1DBE23A8091500272D5A /* Main.storyboard in Resources */ = {isa = PBXBuildFile; fileRef = 963F1DBC23A8091500272D5A /* Main.storyboard */; };
		963F1DC023A8091600272D5A /* Assets.xcassets in Resources */ = {isa = PBXBuildFile; fileRef = 963F1DBF23A8091600272D5A /* Assets.xcassets */; };
		963F1DC323A8091600272D5A /* LaunchScreen.storyboard in Resources */ = {isa = PBXBuildFile; fileRef = 963F1DC123A8091600272D5A /* LaunchScreen.storyboard */; };
		96B66B2D23C26AD50005389E /* Item.swift in Sources */ = {isa = PBXBuildFile; fileRef = 96B66B2C23C26AD50005389E /* Item.swift */; };
		96B66B2F23C26AE00005389E /* Category.swift in Sources */ = {isa = PBXBuildFile; fileRef = 96B66B2E23C26AE00005389E /* Category.swift */; };
/* End PBXBuildFile section */

/* Begin PBXFileReference section */
		601B88B519E6182C993F25EA /* Pods-ToDoey.release.xcconfig */ = {isa = PBXFileReference; includeInIndex = 1; lastKnownFileType = text.xcconfig; name = "Pods-ToDoey.release.xcconfig"; path = "Target Support Files/Pods-ToDoey/Pods-ToDoey.release.xcconfig"; sourceTree = "<group>"; };
		8C3A6A0851776C90C6D9CA06 /* Pods_ToDoey.framework */ = {isa = PBXFileReference; explicitFileType = wrapper.framework; includeInIndex = 0; path = Pods_ToDoey.framework; sourceTree = BUILT_PRODUCTS_DIR; };
		96290B2D23B929190010A57C /* CategoryViewController.swift */ = {isa = PBXFileReference; lastKnownFileType = sourcecode.swift; path = CategoryViewController.swift; sourceTree = "<group>"; };
		963F1DB323A8091500272D5A /* ToDoey.app */ = {isa = PBXFileReference; explicitFileType = wrapper.application; includeInIndex = 0; path = ToDoey.app; sourceTree = BUILT_PRODUCTS_DIR; };
		963F1DB623A8091500272D5A /* AppDelegate.swift */ = {isa = PBXFileReference; lastKnownFileType = sourcecode.swift; path = AppDelegate.swift; sourceTree = "<group>"; };
		963F1DB823A8091500272D5A /* SceneDelegate.swift */ = {isa = PBXFileReference; lastKnownFileType = sourcecode.swift; path = SceneDelegate.swift; sourceTree = "<group>"; };
		963F1DBA23A8091500272D5A /* ToDoListViewController.swift */ = {isa = PBXFileReference; lastKnownFileType = sourcecode.swift; path = ToDoListViewController.swift; sourceTree = "<group>"; };
		963F1DBD23A8091500272D5A /* Base */ = {isa = PBXFileReference; lastKnownFileType = file.storyboard; name = Base; path = Base.lproj/Main.storyboard; sourceTree = "<group>"; };
		963F1DBF23A8091600272D5A /* Assets.xcassets */ = {isa = PBXFileReference; lastKnownFileType = folder.assetcatalog; path = Assets.xcassets; sourceTree = "<group>"; };
		963F1DC223A8091600272D5A /* Base */ = {isa = PBXFileReference; lastKnownFileType = file.storyboard; name = Base; path = Base.lproj/LaunchScreen.storyboard; sourceTree = "<group>"; };
		963F1DC423A8091600272D5A /* Info.plist */ = {isa = PBXFileReference; lastKnownFileType = text.plist.xml; path = Info.plist; sourceTree = "<group>"; };
		96B66B2C23C26AD50005389E /* Item.swift */ = {isa = PBXFileReference; lastKnownFileType = sourcecode.swift; path = Item.swift; sourceTree = "<group>"; };
		96B66B2E23C26AE00005389E /* Category.swift */ = {isa = PBXFileReference; lastKnownFileType = sourcecode.swift; path = Category.swift; sourceTree = "<group>"; };
		E98361E1A2709A27E891A326 /* Pods-ToDoey.debug.xcconfig */ = {isa = PBXFileReference; includeInIndex = 1; lastKnownFileType = text.xcconfig; name = "Pods-ToDoey.debug.xcconfig"; path = "Target Support Files/Pods-ToDoey/Pods-ToDoey.debug.xcconfig"; sourceTree = "<group>"; };
/* End PBXFileReference section */

/* Begin PBXFrameworksBuildPhase section */
		963F1DB023A8091500272D5A /* Frameworks */ = {
			isa = PBXFrameworksBuildPhase;
			buildActionMask = 2147483647;
			files = (
				4767CF4F654D03350B5B9780 /* Pods_ToDoey.framework in Frameworks */,
			);
			runOnlyForDeploymentPostprocessing = 0;
		};
/* End PBXFrameworksBuildPhase section */

/* Begin PBXGroup section */
		7AF1818467A1D2DE1FBB20AD /* Pods */ = {
			isa = PBXGroup;
			children = (
				E98361E1A2709A27E891A326 /* Pods-ToDoey.debug.xcconfig */,
				601B88B519E6182C993F25EA /* Pods-ToDoey.release.xcconfig */,
			);
			path = Pods;
			sourceTree = "<group>";
		};
		962FA60123B3E00C001F66B0 /* Model */ = {
			isa = PBXGroup;
			children = (
				96B66B2C23C26AD50005389E /* Item.swift */,
				96B66B2E23C26AE00005389E /* Category.swift */,
			);
			path = Model;
			sourceTree = "<group>";
		};
		962FA60223B3E03D001F66B0 /* Controllers */ = {
			isa = PBXGroup;
			children = (
				963F1DB823A8091500272D5A /* SceneDelegate.swift */,
				963F1DBA23A8091500272D5A /* ToDoListViewController.swift */,
				96290B2D23B929190010A57C /* CategoryViewController.swift */,
			);
			path = Controllers;
			sourceTree = "<group>";
		};
		962FA60323B3E05B001F66B0 /* Views */ = {
			isa = PBXGroup;
			children = (
				963F1DBC23A8091500272D5A /* Main.storyboard */,
			);
			path = Views;
			sourceTree = "<group>";
		};
		962FA60423B3E0DA001F66B0 /* Supporting Files */ = {
			isa = PBXGroup;
			children = (
				963F1DC123A8091600272D5A /* LaunchScreen.storyboard */,
				963F1DBF23A8091600272D5A /* Assets.xcassets */,
			);
			path = "Supporting Files";
			sourceTree = "<group>";
		};
		963F1DAA23A8091500272D5A = {
			isa = PBXGroup;
			children = (
				963F1DB523A8091500272D5A /* ToDoey */,
				963F1DB423A8091500272D5A /* Products */,
				7AF1818467A1D2DE1FBB20AD /* Pods */,
				CD56446F6092CB2DE36536AC /* Frameworks */,
			);
			sourceTree = "<group>";
		};
		963F1DB423A8091500272D5A /* Products */ = {
			isa = PBXGroup;
			children = (
				963F1DB323A8091500272D5A /* ToDoey.app */,
			);
			name = Products;
			sourceTree = "<group>";
		};
		963F1DB523A8091500272D5A /* ToDoey */ = {
			isa = PBXGroup;
			children = (
				963F1DB623A8091500272D5A /* AppDelegate.swift */,
				963F1DC423A8091600272D5A /* Info.plist */,
				962FA60223B3E03D001F66B0 /* Controllers */,
				962FA60123B3E00C001F66B0 /* Model */,
				962FA60323B3E05B001F66B0 /* Views */,
				962FA60423B3E0DA001F66B0 /* Supporting Files */,
			);
			path = ToDoey;
			sourceTree = "<group>";
		};
		CD56446F6092CB2DE36536AC /* Frameworks */ = {
			isa = PBXGroup;
			children = (
				8C3A6A0851776C90C6D9CA06 /* Pods_ToDoey.framework */,
			);
			name = Frameworks;
			sourceTree = "<group>";
		};
/* End PBXGroup section */

/* Begin PBXNativeTarget section */
		963F1DB223A8091500272D5A /* ToDoey */ = {
			isa = PBXNativeTarget;
			buildConfigurationList = 963F1DC723A8091600272D5A /* Build configuration list for PBXNativeTarget "ToDoey" */;
			buildPhases = (
				29E6DD040E614828F375F570 /* [CP] Check Pods Manifest.lock */,
				963F1DAF23A8091500272D5A /* Sources */,
				963F1DB023A8091500272D5A /* Frameworks */,
				963F1DB123A8091500272D5A /* Resources */,
				D13718B3D3A5FFE71F27DF74 /* [CP] Embed Pods Frameworks */,
			);
			buildRules = (
			);
			dependencies = (
			);
			name = ToDoey;
			productName = ToDoey;
			productReference = 963F1DB323A8091500272D5A /* ToDoey.app */;
			productType = "com.apple.product-type.application";
		};
/* End PBXNativeTarget section */

/* Begin PBXProject section */
		963F1DAB23A8091500272D5A /* Project object */ = {
			isa = PBXProject;
			attributes = {
				LastSwiftUpdateCheck = 1110;
				LastUpgradeCheck = 1110;
				ORGANIZATIONNAME = "Mohamed Aboghali";
				TargetAttributes = {
					963F1DB223A8091500272D5A = {
						CreatedOnToolsVersion = 11.1;
					};
				};
			};
			buildConfigurationList = 963F1DAE23A8091500272D5A /* Build configuration list for PBXProject "ToDoey" */;
			compatibilityVersion = "Xcode 9.3";
			developmentRegion = en;
			hasScannedForEncodings = 0;
			knownRegions = (
				en,
				Base,
			);
			mainGroup = 963F1DAA23A8091500272D5A;
			productRefGroup = 963F1DB423A8091500272D5A /* Products */;
			projectDirPath = "";
			projectRoot = "";
			targets = (
				963F1DB223A8091500272D5A /* ToDoey */,
			);
		};
/* End PBXProject section */

/* Begin PBXResourcesBuildPhase section */
		963F1DB123A8091500272D5A /* Resources */ = {
			isa = PBXResourcesBuildPhase;
			buildActionMask = 2147483647;
			files = (
				963F1DC323A8091600272D5A /* LaunchScreen.storyboard in Resources */,
				963F1DC023A8091600272D5A /* Assets.xcassets in Resources */,
				963F1DBE23A8091500272D5A /* Main.storyboard in Resources */,
			);
			runOnlyForDeploymentPostprocessing = 0;
		};
/* End PBXResourcesBuildPhase section */

/* Begin PBXShellScriptBuildPhase section */
		29E6DD040E614828F375F570 /* [CP] Check Pods Manifest.lock */ = {
			isa = PBXShellScriptBuildPhase;
			buildActionMask = 2147483647;
			files = (
			);
			inputFileListPaths = (
			);
			inputPaths = (
				"${PODS_PODFILE_DIR_PATH}/Podfile.lock",
				"${PODS_ROOT}/Manifest.lock",
			);
			name = "[CP] Check Pods Manifest.lock";
			outputFileListPaths = (
			);
			outputPaths = (
				"$(DERIVED_FILE_DIR)/Pods-ToDoey-checkManifestLockResult.txt",
			);
			runOnlyForDeploymentPostprocessing = 0;
			shellPath = /bin/sh;
			shellScript = "diff \"${PODS_PODFILE_DIR_PATH}/Podfile.lock\" \"${PODS_ROOT}/Manifest.lock\" > /dev/null\nif [ $? != 0 ] ; then\n    # print error to STDERR\n    echo \"error: The sandbox is not in sync with the Podfile.lock. Run 'pod install' or update your CocoaPods installation.\" >&2\n    exit 1\nfi\n# This output is used by Xcode 'outputs' to avoid re-running this script phase.\necho \"SUCCESS\" > \"${SCRIPT_OUTPUT_FILE_0}\"\n";
			showEnvVarsInLog = 0;
		};
		D13718B3D3A5FFE71F27DF74 /* [CP] Embed Pods Frameworks */ = {
			isa = PBXShellScriptBuildPhase;
			buildActionMask = 2147483647;
			files = (
			);
			inputFileListPaths = (
				"${PODS_ROOT}/Target Support Files/Pods-ToDoey/Pods-ToDoey-frameworks-${CONFIGURATION}-input-files.xcfilelist",
			);
			name = "[CP] Embed Pods Frameworks";
			outputFileListPaths = (
				"${PODS_ROOT}/Target Support Files/Pods-ToDoey/Pods-ToDoey-frameworks-${CONFIGURATION}-output-files.xcfilelist",
			);
			runOnlyForDeploymentPostprocessing = 0;
			shellPath = /bin/sh;
			shellScript = "\"${PODS_ROOT}/Target Support Files/Pods-ToDoey/Pods-ToDoey-frameworks.sh\"\n";
			showEnvVarsInLog = 0;
		};
/* End PBXShellScriptBuildPhase section */

/* Begin PBXSourcesBuildPhase section */
		963F1DAF23A8091500272D5A /* Sources */ = {
			isa = PBXSourcesBuildPhase;
			buildActionMask = 2147483647;
			files = (
				96B66B2D23C26AD50005389E /* Item.swift in Sources */,
				96290B2E23B929190010A57C /* CategoryViewController.swift in Sources */,
				963F1DBB23A8091500272D5A /* ToDoListViewController.swift in Sources */,
				963F1DB723A8091500272D5A /* AppDelegate.swift in Sources */,
				963F1DB923A8091500272D5A /* SceneDelegate.swift in Sources */,
				96B66B2F23C26AE00005389E /* Category.swift in Sources */,
			);
			runOnlyForDeploymentPostprocessing = 0;
		};
/* End PBXSourcesBuildPhase section */

/* Begin PBXVariantGroup section */
		963F1DBC23A8091500272D5A /* Main.storyboard */ = {
			isa = PBXVariantGroup;
			children = (
				963F1DBD23A8091500272D5A /* Base */,
			);
			name = Main.storyboard;
			sourceTree = "<group>";
		};
		963F1DC123A8091600272D5A /* LaunchScreen.storyboard */ = {
			isa = PBXVariantGroup;
			children = (
				963F1DC223A8091600272D5A /* Base */,
			);
			name = LaunchScreen.storyboard;
			sourceTree = "<group>";
		};
/* End PBXVariantGroup section */

/* Begin XCBuildConfiguration section */
		963F1DC523A8091600272D5A /* Debug */ = {
			isa = XCBuildConfiguration;
			buildSettings = {
				ALWAYS_SEARCH_USER_PATHS = NO;
				CLANG_ANALYZER_NONNULL = YES;
				CLANG_ANALYZER_NUMBER_OBJECT_CONVERSION = YES_AGGRESSIVE;
				CLANG_CXX_LANGUAGE_STANDARD = "gnu++14";
				CLANG_CXX_LIBRARY = "libc++";
				CLANG_ENABLE_MODULES = YES;
				CLANG_ENABLE_OBJC_ARC = YES;
				CLANG_ENABLE_OBJC_WEAK = YES;
				CLANG_WARN_BLOCK_CAPTURE_AUTORELEASING = YES;
				CLANG_WARN_BOOL_CONVERSION = YES;
				CLANG_WARN_COMMA = YES;
				CLANG_WARN_CONSTANT_CONVERSION = YES;
				CLANG_WARN_DEPRECATED_OBJC_IMPLEMENTATIONS = YES;
				CLANG_WARN_DIRECT_OBJC_ISA_USAGE = YES_ERROR;
				CLANG_WARN_DOCUMENTATION_COMMENTS = YES;
				CLANG_WARN_EMPTY_BODY = YES;
				CLANG_WARN_ENUM_CONVERSION = YES;
				CLANG_WARN_INFINITE_RECURSION = YES;
				CLANG_WARN_INT_CONVERSION = YES;
				CLANG_WARN_NON_LITERAL_NULL_CONVERSION = YES;
				CLANG_WARN_OBJC_IMPLICIT_RETAIN_SELF = YES;
				CLANG_WARN_OBJC_LITERAL_CONVERSION = YES;
				CLANG_WARN_OBJC_ROOT_CLASS = YES_ERROR;
				CLANG_WARN_RANGE_LOOP_ANALYSIS = YES;
				CLANG_WARN_STRICT_PROTOTYPES = YES;
				CLANG_WARN_SUSPICIOUS_MOVE = YES;
				CLANG_WARN_UNGUARDED_AVAILABILITY = YES_AGGRESSIVE;
				CLANG_WARN_UNREACHABLE_CODE = YES;
				CLANG_WARN__DUPLICATE_METHOD_MATCH = YES;
				COPY_PHASE_STRIP = NO;
				DEBUG_INFORMATION_FORMAT = dwarf;
				ENABLE_STRICT_OBJC_MSGSEND = YES;
				ENABLE_TESTABILITY = YES;
				GCC_C_LANGUAGE_STANDARD = gnu11;
				GCC_DYNAMIC_NO_PIC = NO;
				GCC_NO_COMMON_BLOCKS = YES;
				GCC_OPTIMIZATION_LEVEL = 0;
				GCC_PREPROCESSOR_DEFINITIONS = (
					"DEBUG=1",
					"$(inherited)",
				);
				GCC_WARN_64_TO_32_BIT_CONVERSION = YES;
				GCC_WARN_ABOUT_RETURN_TYPE = YES_ERROR;
				GCC_WARN_UNDECLARED_SELECTOR = YES;
				GCC_WARN_UNINITIALIZED_AUTOS = YES_AGGRESSIVE;
				GCC_WARN_UNUSED_FUNCTION = YES;
				GCC_WARN_UNUSED_VARIABLE = YES;
				IPHONEOS_DEPLOYMENT_TARGET = 13.1;
				MTL_ENABLE_DEBUG_INFO = INCLUDE_SOURCE;
				MTL_FAST_MATH = YES;
				ONLY_ACTIVE_ARCH = YES;
				SDKROOT = iphoneos;
				SWIFT_ACTIVE_COMPILATION_CONDITIONS = DEBUG;
				SWIFT_OPTIMIZATION_LEVEL = "-Onone";
			};
			name = Debug;
		};
		963F1DC623A8091600272D5A /* Release */ = {
			isa = XCBuildConfiguration;
			buildSettings = {
				ALWAYS_SEARCH_USER_PATHS = NO;
				CLANG_ANALYZER_NONNULL = YES;
				CLANG_ANALYZER_NUMBER_OBJECT_CONVERSION = YES_AGGRESSIVE;
				CLANG_CXX_LANGUAGE_STANDARD = "gnu++14";
				CLANG_CXX_LIBRARY = "libc++";
				CLANG_ENABLE_MODULES = YES;
				CLANG_ENABLE_OBJC_ARC = YES;
				CLANG_ENABLE_OBJC_WEAK = YES;
				CLANG_WARN_BLOCK_CAPTURE_AUTORELEASING = YES;
				CLANG_WARN_BOOL_CONVERSION = YES;
				CLANG_WARN_COMMA = YES;
				CLANG_WARN_CONSTANT_CONVERSION = YES;
				CLANG_WARN_DEPRECATED_OBJC_IMPLEMENTATIONS = YES;
				CLANG_WARN_DIRECT_OBJC_ISA_USAGE = YES_ERROR;
				CLANG_WARN_DOCUMENTATION_COMMENTS = YES;
				CLANG_WARN_EMPTY_BODY = YES;
				CLANG_WARN_ENUM_CONVERSION = YES;
				CLANG_WARN_INFINITE_RECURSION = YES;
				CLANG_WARN_INT_CONVERSION = YES;
				CLANG_WARN_NON_LITERAL_NULL_CONVERSION = YES;
				CLANG_WARN_OBJC_IMPLICIT_RETAIN_SELF = YES;
				CLANG_WARN_OBJC_LITERAL_CONVERSION = YES;
				CLANG_WARN_OBJC_ROOT_CLASS = YES_ERROR;
				CLANG_WARN_RANGE_LOOP_ANALYSIS = YES;
				CLANG_WARN_STRICT_PROTOTYPES = YES;
				CLANG_WARN_SUSPICIOUS_MOVE = YES;
				CLANG_WARN_UNGUARDED_AVAILABILITY = YES_AGGRESSIVE;
				CLANG_WARN_UNREACHABLE_CODE = YES;
				CLANG_WARN__DUPLICATE_METHOD_MATCH = YES;
				COPY_PHASE_STRIP = NO;
				DEBUG_INFORMATION_FORMAT = "dwarf-with-dsym";
				ENABLE_NS_ASSERTIONS = NO;
				ENABLE_STRICT_OBJC_MSGSEND = YES;
				GCC_C_LANGUAGE_STANDARD = gnu11;
				GCC_NO_COMMON_BLOCKS = YES;
				GCC_WARN_64_TO_32_BIT_CONVERSION = YES;
				GCC_WARN_ABOUT_RETURN_TYPE = YES_ERROR;
				GCC_WARN_UNDECLARED_SELECTOR = YES;
				GCC_WARN_UNINITIALIZED_AUTOS = YES_AGGRESSIVE;
				GCC_WARN_UNUSED_FUNCTION = YES;
				GCC_WARN_UNUSED_VARIABLE = YES;
				IPHONEOS_DEPLOYMENT_TARGET = 13.1;
				MTL_ENABLE_DEBUG_INFO = NO;
				MTL_FAST_MATH = YES;
				SDKROOT = iphoneos;
				SWIFT_COMPILATION_MODE = wholemodule;
				SWIFT_OPTIMIZATION_LEVEL = "-O";
				VALIDATE_PRODUCT = YES;
			};
			name = Release;
		};
		963F1DC823A8091600272D5A /* Debug */ = {
			isa = XCBuildConfiguration;
			baseConfigurationReference = E98361E1A2709A27E891A326 /* Pods-ToDoey.debug.xcconfig */;
			buildSettings = {
				ASSETCATALOG_COMPILER_APPICON_NAME = AppIcon;
				CODE_SIGN_STYLE = Automatic;
				DEVELOPMENT_TEAM = VBP8XSC6AV;
				INFOPLIST_FILE = ToDoey/Info.plist;
				LD_RUNPATH_SEARCH_PATHS = (
					"$(inherited)",
					"@executable_path/Frameworks",
				);
				PRODUCT_BUNDLE_IDENTIFIER = com.mohamedaboghali.ToDoey;
				PRODUCT_NAME = "$(TARGET_NAME)";
				SWIFT_VERSION = 5.0;
				TARGETED_DEVICE_FAMILY = "1,2";
			};
			name = Debug;
		};
		963F1DC923A8091600272D5A /* Release */ = {
			isa = XCBuildConfiguration;
			baseConfigurationReference = 601B88B519E6182C993F25EA /* Pods-ToDoey.release.xcconfig */;
			buildSettings = {
				ASSETCATALOG_COMPILER_APPICON_NAME = AppIcon;
				CODE_SIGN_STYLE = Automatic;
				DEVELOPMENT_TEAM = VBP8XSC6AV;
				INFOPLIST_FILE = ToDoey/Info.plist;
				LD_RUNPATH_SEARCH_PATHS = (
					"$(inherited)",
					"@executable_path/Frameworks",
				);
				PRODUCT_BUNDLE_IDENTIFIER = com.mohamedaboghali.ToDoey;
				PRODUCT_NAME = "$(TARGET_NAME)";
				SWIFT_VERSION = 5.0;
				TARGETED_DEVICE_FAMILY = "1,2";
			};
			name = Release;
		};
/* End XCBuildConfiguration section */

/* Begin XCConfigurationList section */
		963F1DAE23A8091500272D5A /* Build configuration list for PBXProject "ToDoey" */ = {
			isa = XCConfigurationList;
			buildConfigurations = (
				963F1DC523A8091600272D5A /* Debug */,
				963F1DC623A8091600272D5A /* Release */,
			);
			defaultConfigurationIsVisible = 0;
			defaultConfigurationName = Release;
		};
		963F1DC723A8091600272D5A /* Build configuration list for PBXNativeTarget "ToDoey" */ = {
			isa = XCConfigurationList;
			buildConfigurations = (
				963F1DC823A8091600272D5A /* Debug */,
				963F1DC923A8091600272D5A /* Release */,
			);
			defaultConfigurationIsVisible = 0;
			defaultConfigurationName = Release;
		};
/* End XCConfigurationList section */
	};
	rootObject = 963F1DAB23A8091500272D5A /* Project object */;
}
